
Microsoft Visual Studio Solution File, Format Version 12.00
# Visual Studio Version 17
VisualStudioVersion = 17.2.32616.157
MinimumVisualStudioVersion = 10.0.40219.1
Project("{FAE04EC0-301F-11D3-BF4B-00C04F79EFBC}") = "EFIntro", "EFIntro\EFIntro.csproj", "{76009AEF-73B6-411A-B8EA-6C8A4C592AF9}"
EndProject
Global
	GlobalSection(SolutionConfigurationPlatforms) = preSolution
		Debug|Any CPU = Debug|Any CPU
		Release|Any CPU = Release|Any CPU
	EndGlobalSection
	GlobalSection(ProjectConfigurationPlatforms) = postSolution
		{76009AEF-73B6-411A-B8EA-6C8A4C592AF9}.Debug|Any CPU.ActiveCfg = Debug|Any CPU
		{76009AEF-73B6-411A-B8EA-6C8A4C592AF9}.Debug|Any CPU.Build.0 = Debug|Any CPU
		{76009AEF-73B6-411A-B8EA-6C8A4C592AF9}.Release|Any CPU.ActiveCfg = Release|Any CPU
		{76009AEF-73B6-411A-B8EA-6C8A4C592AF9}.Release|Any CPU.Build.0 = Release|Any CPU
	EndGlobalSection
	GlobalSection(SolutionProperties) = preSolution
		HideSolutionNode = FALSE
	EndGlobalSection
	GlobalSection(ExtensibilityGlobals) = postSolution
		SolutionGuid = {980A6891-8F6F-4CEF-B9B1-96220BB1C045}
	EndGlobalSection
EndGlobal
