
Microsoft Visual Studio Solution File, Format Version 12.00
# Visual Studio Version 17
VisualStudioVersion = 17.2.32616.157
MinimumVisualStudioVersion = 10.0.40219.1
Project("{FAE04EC0-301F-11D3-BF4B-00C04F79EFBC}") = "APICRUD", "APICRUD\APICRUD.csproj", "{19DBCDFE-3295-4B7B-928C-2E5B8504B26F}"
EndProject
Global
	GlobalSection(SolutionConfigurationPlatforms) = preSolution
		Debug|Any CPU = Debug|Any CPU
		Release|Any CPU = Release|Any CPU
	EndGlobalSection
	GlobalSection(ProjectConfigurationPlatforms) = postSolution
		{19DBCDFE-3295-4B7B-928C-2E5B8504B26F}.Debug|Any CPU.ActiveCfg = Debug|Any CPU
		{19DBCDFE-3295-4B7B-928C-2E5B8504B26F}.Debug|Any CPU.Build.0 = Debug|Any CPU
		{19DBCDFE-3295-4B7B-928C-2E5B8504B26F}.Release|Any CPU.ActiveCfg = Release|Any CPU
		{19DBCDFE-3295-4B7B-928C-2E5B8504B26F}.Release|Any CPU.Build.0 = Release|Any CPU
	EndGlobalSection
	GlobalSection(SolutionProperties) = preSolution
		HideSolutionNode = FALSE
	EndGlobalSection
	GlobalSection(ExtensibilityGlobals) = postSolution
		SolutionGuid = {DFE4DC71-FAC1-4777-A149-495063D52003}
	EndGlobalSection
EndGlobal
