
Microsoft Visual Studio Solution File, Format Version 12.00
# Visual Studio Version 17
VisualStudioVersion = 17.2.32616.157
MinimumVisualStudioVersion = 10.0.40219.1
Project("{FAE04EC0-301F-11D3-BF4B-00C04F79EFBC}") = "EFCodeFirst", "EFCodeFirst\EFCodeFirst.csproj", "{C46E1FAF-4BF9-40E8-A8EE-A26A201057F9}"
EndProject
Global
	GlobalSection(SolutionConfigurationPlatforms) = preSolution
		Debug|Any CPU = Debug|Any CPU
		Release|Any CPU = Release|Any CPU
	EndGlobalSection
	GlobalSection(ProjectConfigurationPlatforms) = postSolution
		{C46E1FAF-4BF9-40E8-A8EE-A26A201057F9}.Debug|Any CPU.ActiveCfg = Debug|Any CPU
		{C46E1FAF-4BF9-40E8-A8EE-A26A201057F9}.Debug|Any CPU.Build.0 = Debug|Any CPU
		{C46E1FAF-4BF9-40E8-A8EE-A26A201057F9}.Release|Any CPU.ActiveCfg = Release|Any CPU
		{C46E1FAF-4BF9-40E8-A8EE-A26A201057F9}.Release|Any CPU.Build.0 = Release|Any CPU
	EndGlobalSection
	GlobalSection(SolutionProperties) = preSolution
		HideSolutionNode = FALSE
	EndGlobalSection
	GlobalSection(ExtensibilityGlobals) = postSolution
		SolutionGuid = {E25C088D-B5FA-4F46-B24C-B54FCCB3725B}
	EndGlobalSection
EndGlobal
